
Microsoft Visual Studio Solution File, Format Version 12.00
# Visual Studio Version 17
VisualStudioVersion = 17.14.37614.0
MinimumVisualStudioVersion = 10.0.40219.1
Project("{FAE04EC0-301F-11D3-BF4B-00C04F79EFBC}") = "MiniCRM", "MiniCRM\MiniCRM.csproj", "{17DED3F8-6996-4252-B54E-8F4E0A59DA8B}"
EndProject
Global
	GlobalSection(SolutionConfigurationPlatforms) = preSolution
		Debug|Any CPU = Debug|Any CPU
		Release|Any CPU = Release|Any CPU
	EndGlobalSection
	GlobalSection(ProjectConfigurationPlatforms) = postSolution
		{17DED3F8-6996-4252-B54E-8F4E0A59DA8B}.Debug|Any CPU.ActiveCfg = Debug|Any CPU
		{17DED3F8-6996-4252-B54E-8F4E0A59DA8B}.Debug|Any CPU.Build.0 = Debug|Any CPU
		{17DED3F8-6996-4252-B54E-8F4E0A59DA8B}.Release|Any CPU.ActiveCfg = Release|Any CPU
		{17DED3F8-6996-4252-B54E-8F4E0A59DA8B}.Release|Any CPU.Build.0 = Release|Any CPU
	EndGlobalSection
	GlobalSection(SolutionProperties) = preSolution
		HideSolutionNode = FALSE
	EndGlobalSection
	GlobalSection(ExtensibilityGlobals) = postSolution
		SolutionGuid = {73A2C020-5716-491F-980B-3DAA567F9F49}
	EndGlobalSection
EndGlobal
